
Microsoft Visual Studio Solution File, Format Version 12.00
# Visual Studio 15
VisualStudioVersion = 15.0.27703.2047
MinimumVisualStudioVersion = 10.0.40219.1
Project("{FAE04EC0-301F-11D3-BF4B-00C04F79EFBC}") = "NppLauncher", "NppLauncher.csproj", "{521585B5-BC5E-4B1A-BE33-7A2926DE44CC}"
EndProject
Global
	GlobalSection(SolutionConfigurationPlatforms) = preSolution
		Debug|Any CPU = Debug|Any CPU
		Release|Any CPU = Release|Any CPU
	EndGlobalSection
	GlobalSection(ProjectConfigurationPlatforms) = postSolution
		{521585B5-BC5E-4B1A-BE33-7A2926DE44CC}.Debug|Any CPU.ActiveCfg = Debug|Any CPU
		{521585B5-BC5E-4B1A-BE33-7A2926DE44CC}.Debug|Any CPU.Build.0 = Debug|Any CPU
		{521585B5-BC5E-4B1A-BE33-7A2926DE44CC}.Release|Any CPU.ActiveCfg = Release|Any CPU
		{521585B5-BC5E-4B1A-BE33-7A2926DE44CC}.Release|Any CPU.Build.0 = Release|Any CPU
	EndGlobalSection
	GlobalSection(SolutionProperties) = preSolution
		HideSolutionNode = FALSE
	EndGlobalSection
	GlobalSection(ExtensibilityGlobals) = postSolution
		SolutionGuid = {72097A3A-F456-4B7D-BBCA-2748A394EB26}
	EndGlobalSection
EndGlobal
